PODS:
  - Mockingjay (2.0.1):
    - Mockingjay/Core (= 2.0.1)
    - Mockingjay/XCTest (= 2.0.1)
  - Mockingjay/Core (2.0.1):
    - URITemplate (~> 2.0)
  - Mockingjay/XCTest (2.0.1):
    - Mockingjay/Core
  - SDWebImage (5.11.0):
    - SDWebImage/Core (= 5.11.0)
  - SDWebImage/Core (5.11.0)
  - URITemplate (2.0.3)

DEPENDENCIES:
  - Mockingjay
  - SDWebImage (~> 5.0)

SPEC REPOS:
  trunk:
    - Mockingjay
    - SDWebImage
    - URITemplate

SPEC CHECKSUMS:
  Mockingjay: 11a621880d2887f1775bdcf824341eb68f218450
  SDWebImage: 7acbb57630ac7db4a495547fb73916ff3e432f6b
  URITemplate: ace0c4c46dcf8afe6e89b4060621852886b15c3b

PODFILE CHECKSUM: deb86083f7ef177a938dbdf171331ef3ffaebc94

COCOAPODS: 1.11.2
